
Microsoft Visual Studio Solution File, Format Version 12.00
# Visual Studio Express 15 for Windows Desktop
VisualStudioVersion = 15.0.28010.2003
MinimumVisualStudioVersion = 10.0.40219.1
Project("{FAE04EC0-301F-11D3-BF4B-00C04F79EFBC}") = "ClasesAbstractas", "ClasesAbstractas\ClasesAbstractas.csproj", "{7C24130F-8129-49A4-92A6-C8C9A1FD17BE}"
EndProject
Project("{FAE04EC0-301F-11D3-BF4B-00C04F79EFBC}") = "ClasesInstanciables", "ClasesInstanciables\ClasesInstanciables.csproj", "{6C4FB89D-B7F9-4290-AA00-5FD92DE527E1}"
EndProject
Project("{FAE04EC0-301F-11D3-BF4B-00C04F79EFBC}") = "Archivos", "Archivos\Archivos.csproj", "{FF727751-E504-4B2D-810C-8EED662D34D5}"
EndProject
Project("{FAE04EC0-301F-11D3-BF4B-00C04F79EFBC}") = "Excepciones", "Excepciones\Excepciones.csproj", "{E476BF76-91F0-4C5B-B208-A1A7D18E2D4F}"
EndProject
Project("{FAE04EC0-301F-11D3-BF4B-00C04F79EFBC}") = "TestEntidades", "TestEntidades\TestEntidades.csproj", "{57C6C5E5-8EBE-4B9C-8F0E-5D7C22588674}"
EndProject
Project("{FAE04EC0-301F-11D3-BF4B-00C04F79EFBC}") = "TestUnitario", "TestUnitario\TestUnitario.csproj", "{DA1745B0-D712-46B0-B651-14D121F8B69B}"
EndProject
Global
	GlobalSection(SolutionConfigurationPlatforms) = preSolution
		Debug|Any CPU = Debug|Any CPU
		Release|Any CPU = Release|Any CPU
	EndGlobalSection
	GlobalSection(ProjectConfigurationPlatforms) = postSolution
		{7C24130F-8129-49A4-92A6-C8C9A1FD17BE}.Debug|Any CPU.ActiveCfg = Debug|Any CPU
		{7C24130F-8129-49A4-92A6-C8C9A1FD17BE}.Debug|Any CPU.Build.0 = Debug|Any CPU
		{7C24130F-8129-49A4-92A6-C8C9A1FD17BE}.Release|Any CPU.ActiveCfg = Release|Any CPU
		{7C24130F-8129-49A4-92A6-C8C9A1FD17BE}.Release|Any CPU.Build.0 = Release|Any CPU
		{6C4FB89D-B7F9-4290-AA00-5FD92DE527E1}.Debug|Any CPU.ActiveCfg = Debug|Any CPU
		{6C4FB89D-B7F9-4290-AA00-5FD92DE527E1}.Debug|Any CPU.Build.0 = Debug|Any CPU
		{6C4FB89D-B7F9-4290-AA00-5FD92DE527E1}.Release|Any CPU.ActiveCfg = Release|Any CPU
		{6C4FB89D-B7F9-4290-AA00-5FD92DE527E1}.Release|Any CPU.Build.0 = Release|Any CPU
		{FF727751-E504-4B2D-810C-8EED662D34D5}.Debug|Any CPU.ActiveCfg = Debug|Any CPU
		{FF727751-E504-4B2D-810C-8EED662D34D5}.Debug|Any CPU.Build.0 = Debug|Any CPU
		{FF727751-E504-4B2D-810C-8EED662D34D5}.Release|Any CPU.ActiveCfg = Release|Any CPU
		{FF727751-E504-4B2D-810C-8EED662D34D5}.Release|Any CPU.Build.0 = Release|Any CPU
		{E476BF76-91F0-4C5B-B208-A1A7D18E2D4F}.Debug|Any CPU.ActiveCfg = Debug|Any CPU
		{E476BF76-91F0-4C5B-B208-A1A7D18E2D4F}.Debug|Any CPU.Build.0 = Debug|Any CPU
		{E476BF76-91F0-4C5B-B208-A1A7D18E2D4F}.Release|Any CPU.ActiveCfg = Release|Any CPU
		{E476BF76-91F0-4C5B-B208-A1A7D18E2D4F}.Release|Any CPU.Build.0 = Release|Any CPU
		{57C6C5E5-8EBE-4B9C-8F0E-5D7C22588674}.Debug|Any CPU.ActiveCfg = Debug|Any CPU
		{57C6C5E5-8EBE-4B9C-8F0E-5D7C22588674}.Debug|Any CPU.Build.0 = Debug|Any CPU
		{57C6C5E5-8EBE-4B9C-8F0E-5D7C22588674}.Release|Any CPU.ActiveCfg = Release|Any CPU
		{57C6C5E5-8EBE-4B9C-8F0E-5D7C22588674}.Release|Any CPU.Build.0 = Release|Any CPU
		{DA1745B0-D712-46B0-B651-14D121F8B69B}.Debug|Any CPU.ActiveCfg = Debug|Any CPU
		{DA1745B0-D712-46B0-B651-14D121F8B69B}.Debug|Any CPU.Build.0 = Debug|Any CPU
		{DA1745B0-D712-46B0-B651-14D121F8B69B}.Release|Any CPU.ActiveCfg = Release|Any CPU
		{DA1745B0-D712-46B0-B651-14D121F8B69B}.Release|Any CPU.Build.0 = Release|Any CPU
	EndGlobalSection
	GlobalSection(SolutionProperties) = preSolution
		HideSolutionNode = FALSE
	EndGlobalSection
	GlobalSection(ExtensibilityGlobals) = postSolution
		SolutionGuid = {E14575D2-DFE7-429E-9C56-7564910E4C3E}
	EndGlobalSection
EndGlobal
